// !$*UTF8*$!
{
	archiveVersion = 1;
	classes = {
	};
	objectVersion = 50;
	objects = {

/* Begin PBXBuildFile section */
		E61B174024B7F837006AF217 /* AppDelegate.swift in Sources */ = {isa = PBXBuildFile; fileRef = E61B173F24B7F837006AF217 /* AppDelegate.swift */; };
		E61B174224B7F837006AF217 /* SceneDelegate.swift in Sources */ = {isa = PBXBuildFile; fileRef = E61B174124B7F837006AF217 /* SceneDelegate.swift */; };
		E61B174424B7F837006AF217 /* ContentView.swift in Sources */ = {isa = PBXBuildFile; fileRef = E61B174324B7F837006AF217 /* ContentView.swift */; };
		E61B174624B7F837006AF217 /* Assets.xcassets in Resources */ = {isa = PBXBuildFile; fileRef = E61B174524B7F837006AF217 /* Assets.xcassets */; };
		E61B174924B7F837006AF217 /* Preview Assets.xcassets in Resources */ = {isa = PBXBuildFile; fileRef = E61B174824B7F837006AF217 /* Preview Assets.xcassets */; };
		E61B174C24B7F837006AF217 /* LaunchScreen.storyboard in Resources */ = {isa = PBXBuildFile; fileRef = E61B174A24B7F837006AF217 /* LaunchScreen.storyboard */; };
		E61B175924B7FCD1006AF217 /* CoreBluetooth.framework in Frameworks */ = {isa = PBXBuildFile; fileRef = E61B175824B7FCD1006AF217 /* CoreBluetooth.framework */; };
		E6A9209E24C1A41A0029A311 /* BleViewModel.swift in Sources */ = {isa = PBXBuildFile; fileRef = E6A9209D24C1A41A0029A311 /* BleViewModel.swift */; };
		E6A920A024C1A4480029A311 /* ServiceIdentifiers.swift in Sources */ = {isa = PBXBuildFile; fileRef = E6A9209F24C1A4480029A311 /* ServiceIdentifiers.swift */; };
/* End PBXBuildFile section */

/* Begin PBXFileReference section */
		E61B173C24B7F837006AF217 /* MacChuiChui.app */ = {isa = PBXFileReference; explicitFileType = wrapper.application; includeInIndex = 0; path = MacChuiChui.app; sourceTree = BUILT_PRODUCTS_DIR; };
		E61B173F24B7F837006AF217 /* AppDelegate.swift */ = {isa = PBXFileReference; lastKnownFileType = sourcecode.swift; path = AppDelegate.swift; sourceTree = "<group>"; };
		E61B174124B7F837006AF217 /* SceneDelegate.swift */ = {isa = PBXFileReference; lastKnownFileType = sourcecode.swift; path = SceneDelegate.swift; sourceTree = "<group>"; };
		E61B174324B7F837006AF217 /* ContentView.swift */ = {isa = PBXFileReference; lastKnownFileType = sourcecode.swift; path = ContentView.swift; sourceTree = "<group>"; };
		E61B174524B7F837006AF217 /* Assets.xcassets */ = {isa = PBXFileReference; lastKnownFileType = folder.assetcatalog; path = Assets.xcassets; sourceTree = "<group>"; };
		E61B174824B7F837006AF217 /* Preview Assets.xcassets */ = {isa = PBXFileReference; lastKnownFileType = folder.assetcatalog; path = "Preview Assets.xcassets"; sourceTree = "<group>"; };
		E61B174B24B7F837006AF217 /* Base */ = {isa = PBXFileReference; lastKnownFileType = file.storyboard; name = Base; path = Base.lproj/LaunchScreen.storyboard; sourceTree = "<group>"; };
		E61B174D24B7F838006AF217 /* Info.plist */ = {isa = PBXFileReference; lastKnownFileType = text.plist.xml; path = Info.plist; sourceTree = "<group>"; };
		E61B175824B7FCD1006AF217 /* CoreBluetooth.framework */ = {isa = PBXFileReference; lastKnownFileType = wrapper.framework; name = CoreBluetooth.framework; path = System/Library/Frameworks/CoreBluetooth.framework; sourceTree = SDKROOT; };
		E61B175A24B7FCF5006AF217 /* MacChuiChui.entitlements */ = {isa = PBXFileReference; lastKnownFileType = text.plist.entitlements; path = MacChuiChui.entitlements; sourceTree = "<group>"; };
		E6A9209D24C1A41A0029A311 /* BleViewModel.swift */ = {isa = PBXFileReference; fileEncoding = 4; lastKnownFileType = sourcecode.swift; path = BleViewModel.swift; sourceTree = "<group>"; };
		E6A9209F24C1A4480029A311 /* ServiceIdentifiers.swift */ = {isa = PBXFileReference; fileEncoding = 4; lastKnownFileType = sourcecode.swift; path = ServiceIdentifiers.swift; sourceTree = "<group>"; };
/* End PBXFileReference section */

/* Begin PBXFrameworksBuildPhase section */
		E61B173924B7F837006AF217 /* Frameworks */ = {
			isa = PBXFrameworksBuildPhase;
			buildActionMask = 2147483647;
			files = (
				E61B175924B7FCD1006AF217 /* CoreBluetooth.framework in Frameworks */,
			);
			runOnlyForDeploymentPostprocessing = 0;
		};
/* End PBXFrameworksBuildPhase section */

/* Begin PBXGroup section */
		E61B173324B7F837006AF217 = {
			isa = PBXGroup;
			children = (
				E61B173E24B7F837006AF217 /* MacChuiChui */,
				E61B173D24B7F837006AF217 /* Products */,
				E61B175724B7FCD1006AF217 /* Frameworks */,
			);
			sourceTree = "<group>";
		};
		E61B173D24B7F837006AF217 /* Products */ = {
			isa = PBXGroup;
			children = (
				E61B173C24B7F837006AF217 /* MacChuiChui.app */,
			);
			name = Products;
			sourceTree = "<group>";
		};
		E61B173E24B7F837006AF217 /* MacChuiChui */ = {
			isa = PBXGroup;
			children = (
				E61B175A24B7FCF5006AF217 /* MacChuiChui.entitlements */,
				E61B173F24B7F837006AF217 /* AppDelegate.swift */,
				E61B174124B7F837006AF217 /* SceneDelegate.swift */,
				E6A9209D24C1A41A0029A311 /* BleViewModel.swift */,
				E61B174324B7F837006AF217 /* ContentView.swift */,
				E6A9209F24C1A4480029A311 /* ServiceIdentifiers.swift */,
				E61B174524B7F837006AF217 /* Assets.xcassets */,
				E61B174A24B7F837006AF217 /* LaunchScreen.storyboard */,
				E61B174D24B7F838006AF217 /* Info.plist */,
				E61B174724B7F837006AF217 /* Preview Content */,
			);
			path = MacChuiChui;
			sourceTree = "<group>";
		};
		E61B174724B7F837006AF217 /* Preview Content */ = {
			isa = PBXGroup;
			children = (
				E61B174824B7F837006AF217 /* Preview Assets.xcassets */,
			);
			path = "Preview Content";
			sourceTree = "<group>";
		};
		E61B175724B7FCD1006AF217 /* Frameworks */ = {
			isa = PBXGroup;
			children = (
				E61B175824B7FCD1006AF217 /* CoreBluetooth.framework */,
			);
			name = Frameworks;
			sourceTree = "<group>";
		};
/* End PBXGroup section */

/* Begin PBXNativeTarget section */
		E61B173B24B7F837006AF217 /* MacChuiChui */ = {
			isa = PBXNativeTarget;
			buildConfigurationList = E61B175024B7F838006AF217 /* Build configuration list for PBXNativeTarget "MacChuiChui" */;
			buildPhases = (
				E61B173824B7F837006AF217 /* Sources */,
				E61B173924B7F837006AF217 /* Frameworks */,
				E61B173A24B7F837006AF217 /* Resources */,
			);
			buildRules = (
			);
			dependencies = (
			);
			name = MacChuiChui;
			productName = MacChuiChui;
			productReference = E61B173C24B7F837006AF217 /* MacChuiChui.app */;
			productType = "com.apple.product-type.application";
		};
/* End PBXNativeTarget section */

/* Begin PBXProject section */
		E61B173424B7F837006AF217 /* Project object */ = {
			isa = PBXProject;
			attributes = {
				LastSwiftUpdateCheck = 1150;
				LastUpgradeCheck = 1150;
				ORGANIZATIONNAME = "Srun Zhou";
				TargetAttributes = {
					E61B173B24B7F837006AF217 = {
						CreatedOnToolsVersion = 11.5;
					};
				};
			};
			buildConfigurationList = E61B173724B7F837006AF217 /* Build configuration list for PBXProject "MacChuiChui" */;
			compatibilityVersion = "Xcode 9.3";
			developmentRegion = en;
			hasScannedForEncodings = 0;
			knownRegions = (
				en,
				Base,
			);
			mainGroup = E61B173324B7F837006AF217;
			productRefGroup = E61B173D24B7F837006AF217 /* Products */;
			projectDirPath = "";
			projectRoot = "";
			targets = (
				E61B173B24B7F837006AF217 /* MacChuiChui */,
			);
		};
/* End PBXProject section */

/* Begin PBXResourcesBuildPhase section */
		E61B173A24B7F837006AF217 /* Resources */ = {
			isa = PBXResourcesBuildPhase;
			buildActionMask = 2147483647;
			files = (
				E61B174C24B7F837006AF217 /* LaunchScreen.storyboard in Resources */,
				E61B174924B7F837006AF217 /* Preview Assets.xcassets in Resources */,
				E61B174624B7F837006AF217 /* Assets.xcassets in Resources */,
			);
			runOnlyForDeploymentPostprocessing = 0;
		};
/* End PBXResourcesBuildPhase section */

/* Begin PBXSourcesBuildPhase section */
		E61B173824B7F837006AF217 /* Sources */ = {
			isa = PBXSourcesBuildPhase;
			buildActionMask = 2147483647;
			files = (
				E6A9209E24C1A41A0029A311 /* BleViewModel.swift in Sources */,
				E6A920A024C1A4480029A311 /* ServiceIdentifiers.swift in Sources */,
				E61B174024B7F837006AF217 /* AppDelegate.swift in Sources */,
				E61B174224B7F837006AF217 /* SceneDelegate.swift in Sources */,
				E61B174424B7F837006AF217 /* ContentView.swift in Sources */,
			);
			runOnlyForDeploymentPostprocessing = 0;
		};
/* End PBXSourcesBuildPhase section */

/* Begin PBXVariantGroup section */
		E61B174A24B7F837006AF217 /* LaunchScreen.storyboard */ = {
			isa = PBXVariantGroup;
			children = (
				E61B174B24B7F837006AF217 /* Base */,
			);
			name = LaunchScreen.storyboard;
			sourceTree = "<group>";
		};
/* End PBXVariantGroup section */

/* Begin XCBuildConfiguration section */
		E61B174E24B7F838006AF217 /* Debug */ = {
			isa = XCBuildConfiguration;
			buildSettings = {
				ALWAYS_SEARCH_USER_PATHS = NO;
				CLANG_ANALYZER_NONNULL = YES;
				CLANG_ANALYZER_NUMBER_OBJECT_CONVERSION = YES_AGGRESSIVE;
				CLANG_CXX_LANGUAGE_STANDARD = "gnu++14";
				CLANG_CXX_LIBRARY = "libc++";
				CLANG_ENABLE_MODULES = YES;
				CLANG_ENABLE_OBJC_ARC = YES;
				CLANG_ENABLE_OBJC_WEAK = YES;
				CLANG_WARN_BLOCK_CAPTURE_AUTORELEASING = YES;
				CLANG_WARN_BOOL_CONVERSION = YES;
				CLANG_WARN_COMMA = YES;
				CLANG_WARN_CONSTANT_CONVERSION = YES;
				CLANG_WARN_DEPRECATED_OBJC_IMPLEMENTATIONS = YES;
				CLANG_WARN_DIRECT_OBJC_ISA_USAGE = YES_ERROR;
				CLANG_WARN_DOCUMENTATION_COMMENTS = YES;
				CLANG_WARN_EMPTY_BODY = YES;
				CLANG_WARN_ENUM_CONVERSION = YES;
				CLANG_WARN_INFINITE_RECURSION = YES;
				CLANG_WARN_INT_CONVERSION = YES;
				CLANG_WARN_NON_LITERAL_NULL_CONVERSION = YES;
				CLANG_WARN_OBJC_IMPLICIT_RETAIN_SELF = YES;
				CLANG_WARN_OBJC_LITERAL_CONVERSION = YES;
				CLANG_WARN_OBJC_ROOT_CLASS = YES_ERROR;
				CLANG_WARN_RANGE_LOOP_ANALYSIS = YES;
				CLANG_WARN_STRICT_PROTOTYPES = YES;
				CLANG_WARN_SUSPICIOUS_MOVE = YES;
				CLANG_WARN_UNGUARDED_AVAILABILITY = YES_AGGRESSIVE;
				CLANG_WARN_UNREACHABLE_CODE = YES;
				CLANG_WARN__DUPLICATE_METHOD_MATCH = YES;
				COPY_PHASE_STRIP = NO;
				DEBUG_INFORMATION_FORMAT = dwarf;
				ENABLE_STRICT_OBJC_MSGSEND = YES;
				ENABLE_TESTABILITY = YES;
				GCC_C_LANGUAGE_STANDARD = gnu11;
				GCC_DYNAMIC_NO_PIC = NO;
				GCC_NO_COMMON_BLOCKS = YES;
				GCC_OPTIMIZATION_LEVEL = 0;
				GCC_PREPROCESSOR_DEFINITIONS = (
					"DEBUG=1",
					"$(inherited)",
				);
				GCC_WARN_64_TO_32_BIT_CONVERSION = YES;
				GCC_WARN_ABOUT_RETURN_TYPE = YES_ERROR;
				GCC_WARN_UNDECLARED_SELECTOR = YES;
				GCC_WARN_UNINITIALIZED_AUTOS = YES_AGGRESSIVE;
				GCC_WARN_UNUSED_FUNCTION = YES;
				GCC_WARN_UNUSED_VARIABLE = YES;
				IPHONEOS_DEPLOYMENT_TARGET = 13.5;
				MTL_ENABLE_DEBUG_INFO = INCLUDE_SOURCE;
				MTL_FAST_MATH = YES;
				ONLY_ACTIVE_ARCH = YES;
				SDKROOT = iphoneos;
				SWIFT_ACTIVE_COMPILATION_CONDITIONS = DEBUG;
				SWIFT_OPTIMIZATION_LEVEL = "-Onone";
			};
			name = Debug;
		};
		E61B174F24B7F838006AF217 /* Release */ = {
			isa = XCBuildConfiguration;
			buildSettings = {
				ALWAYS_SEARCH_USER_PATHS = NO;
				CLANG_ANALYZER_NONNULL = YES;
				CLANG_ANALYZER_NUMBER_OBJECT_CONVERSION = YES_AGGRESSIVE;
				CLANG_CXX_LANGUAGE_STANDARD = "gnu++14";
				CLANG_CXX_LIBRARY = "libc++";
				CLANG_ENABLE_MODULES = YES;
				CLANG_ENABLE_OBJC_ARC = YES;
				CLANG_ENABLE_OBJC_WEAK = YES;
				CLANG_WARN_BLOCK_CAPTURE_AUTORELEASING = YES;
				CLANG_WARN_BOOL_CONVERSION = YES;
				CLANG_WARN_COMMA = YES;
				CLANG_WARN_CONSTANT_CONVERSION = YES;
				CLANG_WARN_DEPRECATED_OBJC_IMPLEMENTATIONS = YES;
				CLANG_WARN_DIRECT_OBJC_ISA_USAGE = YES_ERROR;
				CLANG_WARN_DOCUMENTATION_COMMENTS = YES;
				CLANG_WARN_EMPTY_BODY = YES;
				CLANG_WARN_ENUM_CONVERSION = YES;
				CLANG_WARN_INFINITE_RECURSION = YES;
				CLANG_WARN_INT_CONVERSION = YES;
				CLANG_WARN_NON_LITERAL_NULL_CONVERSION = YES;
				CLANG_WARN_OBJC_IMPLICIT_RETAIN_SELF = YES;
				CLANG_WARN_OBJC_LITERAL_CONVERSION = YES;
				CLANG_WARN_OBJC_ROOT_CLASS = YES_ERROR;
				CLANG_WARN_RANGE_LOOP_ANALYSIS = YES;
				CLANG_WARN_STRICT_PROTOTYPES = YES;
				CLANG_WARN_SUSPICIOUS_MOVE = YES;
				CLANG_WARN_UNGUARDED_AVAILABILITY = YES_AGGRESSIVE;
				CLANG_WARN_UNREACHABLE_CODE = YES;
				CLANG_WARN__DUPLICATE_METHOD_MATCH = YES;
				COPY_PHASE_STRIP = NO;
				DEBUG_INFORMATION_FORMAT = "dwarf-with-dsym";
				ENABLE_NS_ASSERTIONS = NO;
				ENABLE_STRICT_OBJC_MSGSEND = YES;
				GCC_C_LANGUAGE_STANDARD = gnu11;
				GCC_NO_COMMON_BLOCKS = YES;
				GCC_WARN_64_TO_32_BIT_CONVERSION = YES;
				GCC_WARN_ABOUT_RETURN_TYPE = YES_ERROR;
				GCC_WARN_UNDECLARED_SELECTOR = YES;
				GCC_WARN_UNINITIALIZED_AUTOS = YES_AGGRESSIVE;
				GCC_WARN_UNUSED_FUNCTION = YES;
				GCC_WARN_UNUSED_VARIABLE = YES;
				IPHONEOS_DEPLOYMENT_TARGET = 13.5;
				MTL_ENABLE_DEBUG_INFO = NO;
				MTL_FAST_MATH = YES;
				SDKROOT = iphoneos;
				SWIFT_COMPILATION_MODE = wholemodule;
				SWIFT_OPTIMIZATION_LEVEL = "-O";
				VALIDATE_PRODUCT = YES;
			};
			name = Release;
		};
		E61B175124B7F838006AF217 /* Debug */ = {
			isa = XCBuildConfiguration;
			buildSettings = {
				ASSETCATALOG_COMPILER_APPICON_NAME = AppIcon;
				CODE_SIGN_ENTITLEMENTS = MacChuiChui/MacChuiChui.entitlements;
				CODE_SIGN_STYLE = Automatic;
				DEVELOPMENT_ASSET_PATHS = "\"MacChuiChui/Preview Content\"";
				DEVELOPMENT_TEAM = Z87CX75J8Y;
				ENABLE_PREVIEWS = YES;
				INFOPLIST_FILE = MacChuiChui/Info.plist;
				LD_RUNPATH_SEARCH_PATHS = (
					"$(inherited)",
					"@executable_path/Frameworks",
				);
				PRODUCT_BUNDLE_IDENTIFIER = zone.chord.MacChuiChui;
				PRODUCT_NAME = "$(TARGET_NAME)";
				SUPPORTS_MACCATALYST = YES;
				SWIFT_VERSION = 5.0;
				TARGETED_DEVICE_FAMILY = "1,2";
			};
			name = Debug;
		};
		E61B175224B7F838006AF217 /* Release */ = {
			isa = XCBuildConfiguration;
			buildSettings = {
				ASSETCATALOG_COMPILER_APPICON_NAME = AppIcon;
				CODE_SIGN_ENTITLEMENTS = MacChuiChui/MacChuiChui.entitlements;
				CODE_SIGN_STYLE = Automatic;
				DEVELOPMENT_ASSET_PATHS = "\"MacChuiChui/Preview Content\"";
				DEVELOPMENT_TEAM = Z87CX75J8Y;
				ENABLE_PREVIEWS = YES;
				INFOPLIST_FILE = MacChuiChui/Info.plist;
				LD_RUNPATH_SEARCH_PATHS = (
					"$(inherited)",
					"@executable_path/Frameworks",
				);
				PRODUCT_BUNDLE_IDENTIFIER = zone.chord.MacChuiChui;
				PRODUCT_NAME = "$(TARGET_NAME)";
				SUPPORTS_MACCATALYST = YES;
				SWIFT_VERSION = 5.0;
				TARGETED_DEVICE_FAMILY = "1,2";
			};
			name = Release;
		};
/* End XCBuildConfiguration section */

/* Begin XCConfigurationList section */
		E61B173724B7F837006AF217 /* Build configuration list for PBXProject "MacChuiChui" */ = {
			isa = XCConfigurationList;
			buildConfigurations = (
				E61B174E24B7F838006AF217 /* Debug */,
				E61B174F24B7F838006AF217 /* Release */,
			);
			defaultConfigurationIsVisible = 0;
			defaultConfigurationName = Release;
		};
		E61B175024B7F838006AF217 /* Build configuration list for PBXNativeTarget "MacChuiChui" */ = {
			isa = XCConfigurationList;
			buildConfigurations = (
				E61B175124B7F838006AF217 /* Debug */,
				E61B175224B7F838006AF217 /* Release */,
			);
			defaultConfigurationIsVisible = 0;
			defaultConfigurationName = Release;
		};
/* End XCConfigurationList section */
	};
	rootObject = E61B173424B7F837006AF217 /* Project object */;
}
